
Microsoft Visual Studio Solution File, Format Version 12.00
# Visual Studio Version 16
VisualStudioVersion = 16.0.30621.155
MinimumVisualStudioVersion = 10.0.40219.1
Project("{FAE04EC0-301F-11D3-BF4B-00C04F79EFBC}") = "RQE_Pruefund2", "RQE_Pruefund2.csproj", "{0E8A8013-87CB-49CF-9CBF-AFC4F9DA3EAF}"
EndProject
Global
	GlobalSection(SolutionConfigurationPlatforms) = preSolution
		Debug|Any CPU = Debug|Any CPU
		Release|Any CPU = Release|Any CPU
	EndGlobalSection
	GlobalSection(ProjectConfigurationPlatforms) = postSolution
		{0E8A8013-87CB-49CF-9CBF-AFC4F9DA3EAF}.Debug|Any CPU.ActiveCfg = Debug|Any CPU
		{0E8A8013-87CB-49CF-9CBF-AFC4F9DA3EAF}.Debug|Any CPU.Build.0 = Debug|Any CPU
		{0E8A8013-87CB-49CF-9CBF-AFC4F9DA3EAF}.Release|Any CPU.ActiveCfg = Release|Any CPU
		{0E8A8013-87CB-49CF-9CBF-AFC4F9DA3EAF}.Release|Any CPU.Build.0 = Release|Any CPU
	EndGlobalSection
	GlobalSection(SolutionProperties) = preSolution
		HideSolutionNode = FALSE
	EndGlobalSection
	GlobalSection(ExtensibilityGlobals) = postSolution
		SolutionGuid = {477F51A0-DD3F-41F2-ACA7-9F491268F404}
	EndGlobalSection
EndGlobal
